// !$*UTF8*$!
{
	archiveVersion = 1;
	classes = {
	};
	objectVersion = 46;
	objects = {

/* Begin PBXBuildFile section */
		CB859B891DFC2FC90099817A /* AppDelegate.swift in Sources */ = {isa = PBXBuildFile; fileRef = CB859B881DFC2FC90099817A /* AppDelegate.swift */; };
		CB859B8B1DFC2FC90099817A /* ViewController.swift in Sources */ = {isa = PBXBuildFile; fileRef = CB859B8A1DFC2FC90099817A /* ViewController.swift */; };
		CB859B8E1DFC2FC90099817A /* Main.storyboard in Resources */ = {isa = PBXBuildFile; fileRef = CB859B8C1DFC2FC90099817A /* Main.storyboard */; };
		CB859B901DFC2FC90099817A /* Assets.xcassets in Resources */ = {isa = PBXBuildFile; fileRef = CB859B8F1DFC2FC90099817A /* Assets.xcassets */; };
		CB859B931DFC2FC90099817A /* LaunchScreen.storyboard in Resources */ = {isa = PBXBuildFile; fileRef = CB859B911DFC2FC90099817A /* LaunchScreen.storyboard */; };
		CB859BA31DFC53FB0099817A /* us_states.json in Resources */ = {isa = PBXBuildFile; fileRef = CB859BA21DFC53FB0099817A /* us_states.json */; };
		CB859BA51DFD56EA0099817A /* MapView+Extension.swift in Sources */ = {isa = PBXBuildFile; fileRef = CB859BA41DFD56EA0099817A /* MapView+Extension.swift */; };
		CB859BA71DFD5A780099817A /* MarqueeSelectionView.swift in Sources */ = {isa = PBXBuildFile; fileRef = CB859BA61DFD5A780099817A /* MarqueeSelectionView.swift */; };
		CB859BA91DFD5A8A0099817A /* MarqueeSelectionView.xib in Resources */ = {isa = PBXBuildFile; fileRef = CB859BA81DFD5A8A0099817A /* MarqueeSelectionView.xib */; };
		CB859BAB1DFD65D10099817A /* UIView+Extension.swift in Sources */ = {isa = PBXBuildFile; fileRef = CB859BAA1DFD65D10099817A /* UIView+Extension.swift */; };
		CBB7D1AD1DFEE2B500D28C0A /* CountryKMLParser.swift in Sources */ = {isa = PBXBuildFile; fileRef = CBB7D1AC1DFEE2B500D28C0A /* CountryKMLParser.swift */; };
		CBF5CD4C1E0046B3002A1E9F /* IsleOfMan.json in Resources */ = {isa = PBXBuildFile; fileRef = CBF5CD471E0046B3002A1E9F /* IsleOfMan.json */; };
		CBF5CD4D1E0046B3002A1E9F /* Wales.json in Resources */ = {isa = PBXBuildFile; fileRef = CBF5CD481E0046B3002A1E9F /* Wales.json */; };
		CBF5CD4E1E0046B3002A1E9F /* Scotland.json in Resources */ = {isa = PBXBuildFile; fileRef = CBF5CD491E0046B3002A1E9F /* Scotland.json */; };
		CBF5CD4F1E0046B3002A1E9F /* NorthernIreland.json in Resources */ = {isa = PBXBuildFile; fileRef = CBF5CD4A1E0046B3002A1E9F /* NorthernIreland.json */; };
		CBF5CD501E0046B3002A1E9F /* England.json in Resources */ = {isa = PBXBuildFile; fileRef = CBF5CD4B1E0046B3002A1E9F /* England.json */; };
		CBF5CD521E004797002A1E9F /* CountryJSONParser.swift in Sources */ = {isa = PBXBuildFile; fileRef = CBF5CD511E004797002A1E9F /* CountryJSONParser.swift */; };
		CBF5CD561E0059A4002A1E9F /* Canada.json in Resources */ = {isa = PBXBuildFile; fileRef = CBF5CD551E0059A4002A1E9F /* Canada.json */; };
/* End PBXBuildFile section */

/* Begin PBXFileReference section */
		CB859B851DFC2FC90099817A /* Systum Map.app */ = {isa = PBXFileReference; explicitFileType = wrapper.application; includeInIndex = 0; path = "Systum Map.app"; sourceTree = BUILT_PRODUCTS_DIR; };
		CB859B881DFC2FC90099817A /* AppDelegate.swift */ = {isa = PBXFileReference; lastKnownFileType = sourcecode.swift; path = AppDelegate.swift; sourceTree = "<group>"; };
		CB859B8A1DFC2FC90099817A /* ViewController.swift */ = {isa = PBXFileReference; lastKnownFileType = sourcecode.swift; path = ViewController.swift; sourceTree = "<group>"; };
		CB859B8D1DFC2FC90099817A /* Base */ = {isa = PBXFileReference; lastKnownFileType = file.storyboard; name = Base; path = Base.lproj/Main.storyboard; sourceTree = "<group>"; };
		CB859B8F1DFC2FC90099817A /* Assets.xcassets */ = {isa = PBXFileReference; lastKnownFileType = folder.assetcatalog; path = Assets.xcassets; sourceTree = "<group>"; };
		CB859B921DFC2FC90099817A /* Base */ = {isa = PBXFileReference; lastKnownFileType = file.storyboard; name = Base; path = Base.lproj/LaunchScreen.storyboard; sourceTree = "<group>"; };
		CB859B941DFC2FC90099817A /* Info.plist */ = {isa = PBXFileReference; lastKnownFileType = text.plist.xml; path = Info.plist; sourceTree = "<group>"; };
		CB859BA21DFC53FB0099817A /* us_states.json */ = {isa = PBXFileReference; fileEncoding = 4; lastKnownFileType = text.json; path = us_states.json; sourceTree = "<group>"; };
		CB859BA41DFD56EA0099817A /* MapView+Extension.swift */ = {isa = PBXFileReference; fileEncoding = 4; lastKnownFileType = sourcecode.swift; path = "MapView+Extension.swift"; sourceTree = "<group>"; };
		CB859BA61DFD5A780099817A /* MarqueeSelectionView.swift */ = {isa = PBXFileReference; fileEncoding = 4; lastKnownFileType = sourcecode.swift; path = MarqueeSelectionView.swift; sourceTree = "<group>"; };
		CB859BA81DFD5A8A0099817A /* MarqueeSelectionView.xib */ = {isa = PBXFileReference; fileEncoding = 4; lastKnownFileType = file.xib; path = MarqueeSelectionView.xib; sourceTree = "<group>"; };
		CB859BAA1DFD65D10099817A /* UIView+Extension.swift */ = {isa = PBXFileReference; fileEncoding = 4; lastKnownFileType = sourcecode.swift; path = "UIView+Extension.swift"; sourceTree = "<group>"; };
		CBB7D1AC1DFEE2B500D28C0A /* CountryKMLParser.swift */ = {isa = PBXFileReference; fileEncoding = 4; lastKnownFileType = sourcecode.swift; path = CountryKMLParser.swift; sourceTree = "<group>"; };
		CBF5CD471E0046B3002A1E9F /* IsleOfMan.json */ = {isa = PBXFileReference; fileEncoding = 4; lastKnownFileType = text.json; path = IsleOfMan.json; sourceTree = "<group>"; };
		CBF5CD481E0046B3002A1E9F /* Wales.json */ = {isa = PBXFileReference; fileEncoding = 4; lastKnownFileType = text.json; path = Wales.json; sourceTree = "<group>"; };
		CBF5CD491E0046B3002A1E9F /* Scotland.json */ = {isa = PBXFileReference; fileEncoding = 4; lastKnownFileType = text.json; path = Scotland.json; sourceTree = "<group>"; };
		CBF5CD4A1E0046B3002A1E9F /* NorthernIreland.json */ = {isa = PBXFileReference; fileEncoding = 4; lastKnownFileType = text.json; path = NorthernIreland.json; sourceTree = "<group>"; };
		CBF5CD4B1E0046B3002A1E9F /* England.json */ = {isa = PBXFileReference; fileEncoding = 4; lastKnownFileType = text.json; path = England.json; sourceTree = "<group>"; };
		CBF5CD511E004797002A1E9F /* CountryJSONParser.swift */ = {isa = PBXFileReference; fileEncoding = 4; lastKnownFileType = sourcecode.swift; path = CountryJSONParser.swift; sourceTree = "<group>"; };
		CBF5CD551E0059A4002A1E9F /* Canada.json */ = {isa = PBXFileReference; fileEncoding = 4; lastKnownFileType = text.json; path = Canada.json; sourceTree = "<group>"; };
/* End PBXFileReference section */

/* Begin PBXFrameworksBuildPhase section */
		CB859B821DFC2FC90099817A /* Frameworks */ = {
			isa = PBXFrameworksBuildPhase;
			buildActionMask = 2147483647;
			files = (
			);
			runOnlyForDeploymentPostprocessing = 0;
		};
/* End PBXFrameworksBuildPhase section */

/* Begin PBXGroup section */
		CB859B7C1DFC2FC90099817A = {
			isa = PBXGroup;
			children = (
				CB859B871DFC2FC90099817A /* Systum Map */,
				CB859B861DFC2FC90099817A /* Products */,
			);
			sourceTree = "<group>";
		};
		CB859B861DFC2FC90099817A /* Products */ = {
			isa = PBXGroup;
			children = (
				CB859B851DFC2FC90099817A /* Systum Map.app */,
			);
			name = Products;
			sourceTree = "<group>";
		};
		CB859B871DFC2FC90099817A /* Systum Map */ = {
			isa = PBXGroup;
			children = (
				CB859BA11DFC53FB0099817A /* MapData */,
				CB859B881DFC2FC90099817A /* AppDelegate.swift */,
				CB859B8A1DFC2FC90099817A /* ViewController.swift */,
				CB859B8C1DFC2FC90099817A /* Main.storyboard */,
				CB859B8F1DFC2FC90099817A /* Assets.xcassets */,
				CB859B911DFC2FC90099817A /* LaunchScreen.storyboard */,
				CB859B941DFC2FC90099817A /* Info.plist */,
				CB859BA41DFD56EA0099817A /* MapView+Extension.swift */,
				CB859BA61DFD5A780099817A /* MarqueeSelectionView.swift */,
				CB859BA81DFD5A8A0099817A /* MarqueeSelectionView.xib */,
				CB859BAA1DFD65D10099817A /* UIView+Extension.swift */,
				CBB7D1AC1DFEE2B500D28C0A /* CountryKMLParser.swift */,
				CBF5CD511E004797002A1E9F /* CountryJSONParser.swift */,
			);
			path = "Systum Map";
			sourceTree = "<group>";
		};
		CB859BA11DFC53FB0099817A /* MapData */ = {
			isa = PBXGroup;
			children = (
				CBF5CD551E0059A4002A1E9F /* Canada.json */,
				CBF5CD471E0046B3002A1E9F /* IsleOfMan.json */,
				CBF5CD481E0046B3002A1E9F /* Wales.json */,
				CBF5CD491E0046B3002A1E9F /* Scotland.json */,
				CBF5CD4A1E0046B3002A1E9F /* NorthernIreland.json */,
				CBF5CD4B1E0046B3002A1E9F /* England.json */,
				CB859BA21DFC53FB0099817A /* us_states.json */,
			);
			path = MapData;
			sourceTree = "<group>";
		};
/* End PBXGroup section */

/* Begin PBXNativeTarget section */
		CB859B841DFC2FC90099817A /* Systum Map */ = {
			isa = PBXNativeTarget;
			buildConfigurationList = CB859B971DFC2FC90099817A /* Build configuration list for PBXNativeTarget "Systum Map" */;
			buildPhases = (
				CB859B811DFC2FC90099817A /* Sources */,
				CB859B821DFC2FC90099817A /* Frameworks */,
				CB859B831DFC2FC90099817A /* Resources */,
			);
			buildRules = (
			);
			dependencies = (
			);
			name = "Systum Map";
			productName = "Systum Map";
			productReference = CB859B851DFC2FC90099817A /* Systum Map.app */;
			productType = "com.apple.product-type.application";
		};
/* End PBXNativeTarget section */

/* Begin PBXProject section */
		CB859B7D1DFC2FC90099817A /* Project object */ = {
			isa = PBXProject;
			attributes = {
				LastSwiftUpdateCheck = 0730;
				LastUpgradeCheck = 0730;
				ORGANIZATIONNAME = nguyenh;
				TargetAttributes = {
					CB859B841DFC2FC90099817A = {
						CreatedOnToolsVersion = 7.3.1;
					};
				};
			};
			buildConfigurationList = CB859B801DFC2FC90099817A /* Build configuration list for PBXProject "Systum Map" */;
			compatibilityVersion = "Xcode 3.2";
			developmentRegion = English;
			hasScannedForEncodings = 0;
			knownRegions = (
				en,
				Base,
			);
			mainGroup = CB859B7C1DFC2FC90099817A;
			productRefGroup = CB859B861DFC2FC90099817A /* Products */;
			projectDirPath = "";
			projectRoot = "";
			targets = (
				CB859B841DFC2FC90099817A /* Systum Map */,
			);
		};
/* End PBXProject section */

/* Begin PBXResourcesBuildPhase section */
		CB859B831DFC2FC90099817A /* Resources */ = {
			isa = PBXResourcesBuildPhase;
			buildActionMask = 2147483647;
			files = (
				CBF5CD4C1E0046B3002A1E9F /* IsleOfMan.json in Resources */,
				CB859B931DFC2FC90099817A /* LaunchScreen.storyboard in Resources */,
				CBF5CD4D1E0046B3002A1E9F /* Wales.json in Resources */,
				CBF5CD4F1E0046B3002A1E9F /* NorthernIreland.json in Resources */,
				CB859BA31DFC53FB0099817A /* us_states.json in Resources */,
				CBF5CD501E0046B3002A1E9F /* England.json in Resources */,
				CB859BA91DFD5A8A0099817A /* MarqueeSelectionView.xib in Resources */,
				CBF5CD561E0059A4002A1E9F /* Canada.json in Resources */,
				CBF5CD4E1E0046B3002A1E9F /* Scotland.json in Resources */,
				CB859B901DFC2FC90099817A /* Assets.xcassets in Resources */,
				CB859B8E1DFC2FC90099817A /* Main.storyboard in Resources */,
			);
			runOnlyForDeploymentPostprocessing = 0;
		};
/* End PBXResourcesBuildPhase section */

/* Begin PBXSourcesBuildPhase section */
		CB859B811DFC2FC90099817A /* Sources */ = {
			isa = PBXSourcesBuildPhase;
			buildActionMask = 2147483647;
			files = (
				CB859BA51DFD56EA0099817A /* MapView+Extension.swift in Sources */,
				CB859B8B1DFC2FC90099817A /* ViewController.swift in Sources */,
				CBB7D1AD1DFEE2B500D28C0A /* CountryKMLParser.swift in Sources */,
				CB859BA71DFD5A780099817A /* MarqueeSelectionView.swift in Sources */,
				CBF5CD521E004797002A1E9F /* CountryJSONParser.swift in Sources */,
				CB859BAB1DFD65D10099817A /* UIView+Extension.swift in Sources */,
				CB859B891DFC2FC90099817A /* AppDelegate.swift in Sources */,
			);
			runOnlyForDeploymentPostprocessing = 0;
		};
/* End PBXSourcesBuildPhase section */

/* Begin PBXVariantGroup section */
		CB859B8C1DFC2FC90099817A /* Main.storyboard */ = {
			isa = PBXVariantGroup;
			children = (
				CB859B8D1DFC2FC90099817A /* Base */,
			);
			name = Main.storyboard;
			sourceTree = "<group>";
		};
		CB859B911DFC2FC90099817A /* LaunchScreen.storyboard */ = {
			isa = PBXVariantGroup;
			children = (
				CB859B921DFC2FC90099817A /* Base */,
			);
			name = LaunchScreen.storyboard;
			sourceTree = "<group>";
		};
/* End PBXVariantGroup section */

/* Begin XCBuildConfiguration section */
		CB859B951DFC2FC90099817A /* Debug */ = {
			isa = XCBuildConfiguration;
			buildSettings = {
				ALWAYS_SEARCH_USER_PATHS = NO;
				CLANG_ANALYZER_NONNULL = YES;
				CLANG_CXX_LANGUAGE_STANDARD = "gnu++0x";
				CLANG_CXX_LIBRARY = "libc++";
				CLANG_ENABLE_MODULES = YES;
				CLANG_ENABLE_OBJC_ARC = YES;
				CLANG_WARN_BOOL_CONVERSION = YES;
				CLANG_WARN_CONSTANT_CONVERSION = YES;
				CLANG_WARN_DIRECT_OBJC_ISA_USAGE = YES_ERROR;
				CLANG_WARN_EMPTY_BODY = YES;
				CLANG_WARN_ENUM_CONVERSION = YES;
				CLANG_WARN_INT_CONVERSION = YES;
				CLANG_WARN_OBJC_ROOT_CLASS = YES_ERROR;
				CLANG_WARN_UNREACHABLE_CODE = YES;
				CLANG_WARN__DUPLICATE_METHOD_MATCH = YES;
				"CODE_SIGN_IDENTITY[sdk=iphoneos*]" = "iPhone Developer";
				COPY_PHASE_STRIP = NO;
				DEBUG_INFORMATION_FORMAT = dwarf;
				ENABLE_STRICT_OBJC_MSGSEND = YES;
				ENABLE_TESTABILITY = YES;
				GCC_C_LANGUAGE_STANDARD = gnu99;
				GCC_DYNAMIC_NO_PIC = NO;
				GCC_NO_COMMON_BLOCKS = YES;
				GCC_OPTIMIZATION_LEVEL = 0;
				GCC_PREPROCESSOR_DEFINITIONS = (
					"DEBUG=1",
					"$(inherited)",
				);
				GCC_WARN_64_TO_32_BIT_CONVERSION = YES;
				GCC_WARN_ABOUT_RETURN_TYPE = YES_ERROR;
				GCC_WARN_UNDECLARED_SELECTOR = YES;
				GCC_WARN_UNINITIALIZED_AUTOS = YES_AGGRESSIVE;
				GCC_WARN_UNUSED_FUNCTION = YES;
				GCC_WARN_UNUSED_VARIABLE = YES;
				IPHONEOS_DEPLOYMENT_TARGET = 9.3;
				MTL_ENABLE_DEBUG_INFO = YES;
				ONLY_ACTIVE_ARCH = YES;
				SDKROOT = iphoneos;
				SWIFT_OPTIMIZATION_LEVEL = "-Onone";
				TARGETED_DEVICE_FAMILY = "1,2";
			};
			name = Debug;
		};
		CB859B961DFC2FC90099817A /* Release */ = {
			isa = XCBuildConfiguration;
			buildSettings = {
				ALWAYS_SEARCH_USER_PATHS = NO;
				CLANG_ANALYZER_NONNULL = YES;
				CLANG_CXX_LANGUAGE_STANDARD = "gnu++0x";
				CLANG_CXX_LIBRARY = "libc++";
				CLANG_ENABLE_MODULES = YES;
				CLANG_ENABLE_OBJC_ARC = YES;
				CLANG_WARN_BOOL_CONVERSION = YES;
				CLANG_WARN_CONSTANT_CONVERSION = YES;
				CLANG_WARN_DIRECT_OBJC_ISA_USAGE = YES_ERROR;
				CLANG_WARN_EMPTY_BODY = YES;
				CLANG_WARN_ENUM_CONVERSION = YES;
				CLANG_WARN_INT_CONVERSION = YES;
				CLANG_WARN_OBJC_ROOT_CLASS = YES_ERROR;
				CLANG_WARN_UNREACHABLE_CODE = YES;
				CLANG_WARN__DUPLICATE_METHOD_MATCH = YES;
				"CODE_SIGN_IDENTITY[sdk=iphoneos*]" = "iPhone Developer";
				COPY_PHASE_STRIP = NO;
				DEBUG_INFORMATION_FORMAT = "dwarf-with-dsym";
				ENABLE_NS_ASSERTIONS = NO;
				ENABLE_STRICT_OBJC_MSGSEND = YES;
				GCC_C_LANGUAGE_STANDARD = gnu99;
				GCC_NO_COMMON_BLOCKS = YES;
				GCC_WARN_64_TO_32_BIT_CONVERSION = YES;
				GCC_WARN_ABOUT_RETURN_TYPE = YES_ERROR;
				GCC_WARN_UNDECLARED_SELECTOR = YES;
				GCC_WARN_UNINITIALIZED_AUTOS = YES_AGGRESSIVE;
				GCC_WARN_UNUSED_FUNCTION = YES;
				GCC_WARN_UNUSED_VARIABLE = YES;
				IPHONEOS_DEPLOYMENT_TARGET = 9.3;
				MTL_ENABLE_DEBUG_INFO = NO;
				SDKROOT = iphoneos;
				TARGETED_DEVICE_FAMILY = "1,2";
				VALIDATE_PRODUCT = YES;
			};
			name = Release;
		};
		CB859B981DFC2FC90099817A /* Debug */ = {
			isa = XCBuildConfiguration;
			buildSettings = {
				ASSETCATALOG_COMPILER_APPICON_NAME = AppIcon;
				INFOPLIST_FILE = "Systum Map/Info.plist";
				LD_RUNPATH_SEARCH_PATHS = "$(inherited) @executable_path/Frameworks";
				PRODUCT_BUNDLE_IDENTIFIER = "com.nguyenh.Systum-Map";
				PRODUCT_NAME = "$(TARGET_NAME)";
			};
			name = Debug;
		};
		CB859B991DFC2FC90099817A /* Release */ = {
			isa = XCBuildConfiguration;
			buildSettings = {
				ASSETCATALOG_COMPILER_APPICON_NAME = AppIcon;
				INFOPLIST_FILE = "Systum Map/Info.plist";
				LD_RUNPATH_SEARCH_PATHS = "$(inherited) @executable_path/Frameworks";
				PRODUCT_BUNDLE_IDENTIFIER = "com.nguyenh.Systum-Map";
				PRODUCT_NAME = "$(TARGET_NAME)";
			};
			name = Release;
		};
/* End XCBuildConfiguration section */

/* Begin XCConfigurationList section */
		CB859B801DFC2FC90099817A /* Build configuration list for PBXProject "Systum Map" */ = {
			isa = XCConfigurationList;
			buildConfigurations = (
				CB859B951DFC2FC90099817A /* Debug */,
				CB859B961DFC2FC90099817A /* Release */,
			);
			defaultConfigurationIsVisible = 0;
			defaultConfigurationName = Release;
		};
		CB859B971DFC2FC90099817A /* Build configuration list for PBXNativeTarget "Systum Map" */ = {
			isa = XCConfigurationList;
			buildConfigurations = (
				CB859B981DFC2FC90099817A /* Debug */,
				CB859B991DFC2FC90099817A /* Release */,
			);
			defaultConfigurationIsVisible = 0;
			defaultConfigurationName = Release;
		};
/* End XCConfigurationList section */
	};
	rootObject = CB859B7D1DFC2FC90099817A /* Project object */;
}
